// !$*UTF8*$!
{
	archiveVersion = 1;
	classes = {
	};
	objectVersion = 50;
	objects = {

/* Begin PBXBuildFile section */
		098CD7FF268B5A6E0048820C /* AppDelegate.swift in Sources */ = {isa = PBXBuildFile; fileRef = 098CD7FE268B5A6E0048820C /* AppDelegate.swift */; };
		098CD801268B5A6E0048820C /* SceneDelegate.swift in Sources */ = {isa = PBXBuildFile; fileRef = 098CD800268B5A6E0048820C /* SceneDelegate.swift */; };
		098CD803268B5A6E0048820C /* ViewController.swift in Sources */ = {isa = PBXBuildFile; fileRef = 098CD802268B5A6E0048820C /* ViewController.swift */; };
		098CD806268B5A6E0048820C /* Main.storyboard in Resources */ = {isa = PBXBuildFile; fileRef = 098CD804268B5A6E0048820C /* Main.storyboard */; };
		098CD809268B5A6E0048820C /* tets_2.xcdatamodeld in Sources */ = {isa = PBXBuildFile; fileRef = 098CD807268B5A6E0048820C /* tets_2.xcdatamodeld */; };
		098CD80B268B5A6F0048820C /* Assets.xcassets in Resources */ = {isa = PBXBuildFile; fileRef = 098CD80A268B5A6F0048820C /* Assets.xcassets */; };
		098CD80E268B5A6F0048820C /* LaunchScreen.storyboard in Resources */ = {isa = PBXBuildFile; fileRef = 098CD80C268B5A6F0048820C /* LaunchScreen.storyboard */; };
		098CD816268B67B10048820C /* newViewcontroller.swift in Sources */ = {isa = PBXBuildFile; fileRef = 098CD815268B67B10048820C /* newViewcontroller.swift */; };
/* End PBXBuildFile section */

/* Begin PBXFileReference section */
		098CD7FB268B5A6E0048820C /* tets 2.app */ = {isa = PBXFileReference; explicitFileType = wrapper.application; includeInIndex = 0; path = "tets 2.app"; sourceTree = BUILT_PRODUCTS_DIR; };
		098CD7FE268B5A6E0048820C /* AppDelegate.swift */ = {isa = PBXFileReference; lastKnownFileType = sourcecode.swift; path = AppDelegate.swift; sourceTree = "<group>"; };
		098CD800268B5A6E0048820C /* SceneDelegate.swift */ = {isa = PBXFileReference; lastKnownFileType = sourcecode.swift; path = SceneDelegate.swift; sourceTree = "<group>"; };
		098CD802268B5A6E0048820C /* ViewController.swift */ = {isa = PBXFileReference; lastKnownFileType = sourcecode.swift; path = ViewController.swift; sourceTree = "<group>"; };
		098CD805268B5A6E0048820C /* Base */ = {isa = PBXFileReference; lastKnownFileType = file.storyboard; name = Base; path = Base.lproj/Main.storyboard; sourceTree = "<group>"; };
		098CD808268B5A6E0048820C /* tets_2.xcdatamodel */ = {isa = PBXFileReference; lastKnownFileType = wrapper.xcdatamodel; path = tets_2.xcdatamodel; sourceTree = "<group>"; };
		098CD80A268B5A6F0048820C /* Assets.xcassets */ = {isa = PBXFileReference; lastKnownFileType = folder.assetcatalog; path = Assets.xcassets; sourceTree = "<group>"; };
		098CD80D268B5A6F0048820C /* Base */ = {isa = PBXFileReference; lastKnownFileType = file.storyboard; name = Base; path = Base.lproj/LaunchScreen.storyboard; sourceTree = "<group>"; };
		098CD80F268B5A6F0048820C /* Info.plist */ = {isa = PBXFileReference; lastKnownFileType = text.plist.xml; path = Info.plist; sourceTree = "<group>"; };
		098CD815268B67B10048820C /* newViewcontroller.swift */ = {isa = PBXFileReference; lastKnownFileType = sourcecode.swift; path = newViewcontroller.swift; sourceTree = "<group>"; };
/* End PBXFileReference section */

/* Begin PBXFrameworksBuildPhase section */
		098CD7F8268B5A6E0048820C /* Frameworks */ = {
			isa = PBXFrameworksBuildPhase;
			buildActionMask = 2147483647;
			files = (
			);
			runOnlyForDeploymentPostprocessing = 0;
		};
/* End PBXFrameworksBuildPhase section */

/* Begin PBXGroup section */
		098CD7F2268B5A6E0048820C = {
			isa = PBXGroup;
			children = (
				098CD7FD268B5A6E0048820C /* tets 2 */,
				098CD7FC268B5A6E0048820C /* Products */,
			);
			sourceTree = "<group>";
		};
		098CD7FC268B5A6E0048820C /* Products */ = {
			isa = PBXGroup;
			children = (
				098CD7FB268B5A6E0048820C /* tets 2.app */,
			);
			name = Products;
			sourceTree = "<group>";
		};
		098CD7FD268B5A6E0048820C /* tets 2 */ = {
			isa = PBXGroup;
			children = (
				098CD7FE268B5A6E0048820C /* AppDelegate.swift */,
				098CD800268B5A6E0048820C /* SceneDelegate.swift */,
				098CD802268B5A6E0048820C /* ViewController.swift */,
				098CD804268B5A6E0048820C /* Main.storyboard */,
				098CD80A268B5A6F0048820C /* Assets.xcassets */,
				098CD80C268B5A6F0048820C /* LaunchScreen.storyboard */,
				098CD80F268B5A6F0048820C /* Info.plist */,
				098CD807268B5A6E0048820C /* tets_2.xcdatamodeld */,
				098CD815268B67B10048820C /* newViewcontroller.swift */,
			);
			path = "tets 2";
			sourceTree = "<group>";
		};
/* End PBXGroup section */

/* Begin PBXNativeTarget section */
		098CD7FA268B5A6E0048820C /* tets 2 */ = {
			isa = PBXNativeTarget;
			buildConfigurationList = 098CD812268B5A6F0048820C /* Build configuration list for PBXNativeTarget "tets 2" */;
			buildPhases = (
				098CD7F7268B5A6E0048820C /* Sources */,
				098CD7F8268B5A6E0048820C /* Frameworks */,
				098CD7F9268B5A6E0048820C /* Resources */,
			);
			buildRules = (
			);
			dependencies = (
			);
			name = "tets 2";
			productName = "tets 2";
			productReference = 098CD7FB268B5A6E0048820C /* tets 2.app */;
			productType = "com.apple.product-type.application";
		};
/* End PBXNativeTarget section */

/* Begin PBXProject section */
		098CD7F3268B5A6E0048820C /* Project object */ = {
			isa = PBXProject;
			attributes = {
				LastSwiftUpdateCheck = 1250;
				LastUpgradeCheck = 1250;
				TargetAttributes = {
					098CD7FA268B5A6E0048820C = {
						CreatedOnToolsVersion = 12.5;
					};
				};
			};
			buildConfigurationList = 098CD7F6268B5A6E0048820C /* Build configuration list for PBXProject "tets 2" */;
			compatibilityVersion = "Xcode 9.3";
			developmentRegion = en;
			hasScannedForEncodings = 0;
			knownRegions = (
				en,
				Base,
			);
			mainGroup = 098CD7F2268B5A6E0048820C;
			productRefGroup = 098CD7FC268B5A6E0048820C /* Products */;
			projectDirPath = "";
			projectRoot = "";
			targets = (
				098CD7FA268B5A6E0048820C /* tets 2 */,
			);
		};
/* End PBXProject section */

/* Begin PBXResourcesBuildPhase section */
		098CD7F9268B5A6E0048820C /* Resources */ = {
			isa = PBXResourcesBuildPhase;
			buildActionMask = 2147483647;
			files = (
				098CD80E268B5A6F0048820C /* LaunchScreen.storyboard in Resources */,
				098CD80B268B5A6F0048820C /* Assets.xcassets in Resources */,
				098CD806268B5A6E0048820C /* Main.storyboard in Resources */,
			);
			runOnlyForDeploymentPostprocessing = 0;
		};
/* End PBXResourcesBuildPhase section */

/* Begin PBXSourcesBuildPhase section */
		098CD7F7268B5A6E0048820C /* Sources */ = {
			isa = PBXSourcesBuildPhase;
			buildActionMask = 2147483647;
			files = (
				098CD809268B5A6E0048820C /* tets_2.xcdatamodeld in Sources */,
				098CD803268B5A6E0048820C /* ViewController.swift in Sources */,
				098CD7FF268B5A6E0048820C /* AppDelegate.swift in Sources */,
				098CD801268B5A6E0048820C /* SceneDelegate.swift in Sources */,
				098CD816268B67B10048820C /* newViewcontroller.swift in Sources */,
			);
			runOnlyForDeploymentPostprocessing = 0;
		};
/* End PBXSourcesBuildPhase section */

/* Begin PBXVariantGroup section */
		098CD804268B5A6E0048820C /* Main.storyboard */ = {
			isa = PBXVariantGroup;
			children = (
				098CD805268B5A6E0048820C /* Base */,
			);
			name = Main.storyboard;
			sourceTree = "<group>";
		};
		098CD80C268B5A6F0048820C /* LaunchScreen.storyboard */ = {
			isa = PBXVariantGroup;
			children = (
				098CD80D268B5A6F0048820C /* Base */,
			);
			name = LaunchScreen.storyboard;
			sourceTree = "<group>";
		};
/* End PBXVariantGroup section */

/* Begin XCBuildConfiguration section */
		098CD810268B5A6F0048820C /* Debug */ = {
			isa = XCBuildConfiguration;
			buildSettings = {
				ALWAYS_SEARCH_USER_PATHS = NO;
				CLANG_ANALYZER_NONNULL = YES;
				CLANG_ANALYZER_NUMBER_OBJECT_CONVERSION = YES_AGGRESSIVE;
				CLANG_CXX_LANGUAGE_STANDARD = "gnu++14";
				CLANG_CXX_LIBRARY = "libc++";
				CLANG_ENABLE_MODULES = YES;
				CLANG_ENABLE_OBJC_ARC = YES;
				CLANG_ENABLE_OBJC_WEAK = YES;
				CLANG_WARN_BLOCK_CAPTURE_AUTORELEASING = YES;
				CLANG_WARN_BOOL_CONVERSION = YES;
				CLANG_WARN_COMMA = YES;
				CLANG_WARN_CONSTANT_CONVERSION = YES;
				CLANG_WARN_DEPRECATED_OBJC_IMPLEMENTATIONS = YES;
				CLANG_WARN_DIRECT_OBJC_ISA_USAGE = YES_ERROR;
				CLANG_WARN_DOCUMENTATION_COMMENTS = YES;
				CLANG_WARN_EMPTY_BODY = YES;
				CLANG_WARN_ENUM_CONVERSION = YES;
				CLANG_WARN_INFINITE_RECURSION = YES;
				CLANG_WARN_INT_CONVERSION = YES;
				CLANG_WARN_NON_LITERAL_NULL_CONVERSION = YES;
				CLANG_WARN_OBJC_IMPLICIT_RETAIN_SELF = YES;
				CLANG_WARN_OBJC_LITERAL_CONVERSION = YES;
				CLANG_WARN_OBJC_ROOT_CLASS = YES_ERROR;
				CLANG_WARN_QUOTED_INCLUDE_IN_FRAMEWORK_HEADER = YES;
				CLANG_WARN_RANGE_LOOP_ANALYSIS = YES;
				CLANG_WARN_STRICT_PROTOTYPES = YES;
				CLANG_WARN_SUSPICIOUS_MOVE = YES;
				CLANG_WARN_UNGUARDED_AVAILABILITY = YES_AGGRESSIVE;
				CLANG_WARN_UNREACHABLE_CODE = YES;
				CLANG_WARN__DUPLICATE_METHOD_MATCH = YES;
				COPY_PHASE_STRIP = NO;
				DEBUG_INFORMATION_FORMAT = dwarf;
				ENABLE_STRICT_OBJC_MSGSEND = YES;
				ENABLE_TESTABILITY = YES;
				GCC_C_LANGUAGE_STANDARD = gnu11;
				GCC_DYNAMIC_NO_PIC = NO;
				GCC_NO_COMMON_BLOCKS = YES;
				GCC_OPTIMIZATION_LEVEL = 0;
				GCC_PREPROCESSOR_DEFINITIONS = (
					"DEBUG=1",
					"$(inherited)",
				);
				GCC_WARN_64_TO_32_BIT_CONVERSION = YES;
				GCC_WARN_ABOUT_RETURN_TYPE = YES_ERROR;
				GCC_WARN_UNDECLARED_SELECTOR = YES;
				GCC_WARN_UNINITIALIZED_AUTOS = YES_AGGRESSIVE;
				GCC_WARN_UNUSED_FUNCTION = YES;
				GCC_WARN_UNUSED_VARIABLE = YES;
				IPHONEOS_DEPLOYMENT_TARGET = 14.5;
				MTL_ENABLE_DEBUG_INFO = INCLUDE_SOURCE;
				MTL_FAST_MATH = YES;
				ONLY_ACTIVE_ARCH = YES;
				SDKROOT = iphoneos;
				SWIFT_ACTIVE_COMPILATION_CONDITIONS = DEBUG;
				SWIFT_OPTIMIZATION_LEVEL = "-Onone";
			};
			name = Debug;
		};
		098CD811268B5A6F0048820C /* Release */ = {
			isa = XCBuildConfiguration;
			buildSettings = {
				ALWAYS_SEARCH_USER_PATHS = NO;
				CLANG_ANALYZER_NONNULL = YES;
				CLANG_ANALYZER_NUMBER_OBJECT_CONVERSION = YES_AGGRESSIVE;
				CLANG_CXX_LANGUAGE_STANDARD = "gnu++14";
				CLANG_CXX_LIBRARY = "libc++";
				CLANG_ENABLE_MODULES = YES;
				CLANG_ENABLE_OBJC_ARC = YES;
				CLANG_ENABLE_OBJC_WEAK = YES;
				CLANG_WARN_BLOCK_CAPTURE_AUTORELEASING = YES;
				CLANG_WARN_BOOL_CONVERSION = YES;
				CLANG_WARN_COMMA = YES;
				CLANG_WARN_CONSTANT_CONVERSION = YES;
				CLANG_WARN_DEPRECATED_OBJC_IMPLEMENTATIONS = YES;
				CLANG_WARN_DIRECT_OBJC_ISA_USAGE = YES_ERROR;
				CLANG_WARN_DOCUMENTATION_COMMENTS = YES;
				CLANG_WARN_EMPTY_BODY = YES;
				CLANG_WARN_ENUM_CONVERSION = YES;
				CLANG_WARN_INFINITE_RECURSION = YES;
				CLANG_WARN_INT_CONVERSION = YES;
				CLANG_WARN_NON_LITERAL_NULL_CONVERSION = YES;
				CLANG_WARN_OBJC_IMPLICIT_RETAIN_SELF = YES;
				CLANG_WARN_OBJC_LITERAL_CONVERSION = YES;
				CLANG_WARN_OBJC_ROOT_CLASS = YES_ERROR;
				CLANG_WARN_QUOTED_INCLUDE_IN_FRAMEWORK_HEADER = YES;
				CLANG_WARN_RANGE_LOOP_ANALYSIS = YES;
				CLANG_WARN_STRICT_PROTOTYPES = YES;
				CLANG_WARN_SUSPICIOUS_MOVE = YES;
				CLANG_WARN_UNGUARDED_AVAILABILITY = YES_AGGRESSIVE;
				CLANG_WARN_UNREACHABLE_CODE = YES;
				CLANG_WARN__DUPLICATE_METHOD_MATCH = YES;
				COPY_PHASE_STRIP = NO;
				DEBUG_INFORMATION_FORMAT = "dwarf-with-dsym";
				ENABLE_NS_ASSERTIONS = NO;
				ENABLE_STRICT_OBJC_MSGSEND = YES;
				GCC_C_LANGUAGE_STANDARD = gnu11;
				GCC_NO_COMMON_BLOCKS = YES;
				GCC_WARN_64_TO_32_BIT_CONVERSION = YES;
				GCC_WARN_ABOUT_RETURN_TYPE = YES_ERROR;
				GCC_WARN_UNDECLARED_SELECTOR = YES;
				GCC_WARN_UNINITIALIZED_AUTOS = YES_AGGRESSIVE;
				GCC_WARN_UNUSED_FUNCTION = YES;
				GCC_WARN_UNUSED_VARIABLE = YES;
				IPHONEOS_DEPLOYMENT_TARGET = 14.5;
				MTL_ENABLE_DEBUG_INFO = NO;
				MTL_FAST_MATH = YES;
				SDKROOT = iphoneos;
				SWIFT_COMPILATION_MODE = wholemodule;
				SWIFT_OPTIMIZATION_LEVEL = "-O";
				VALIDATE_PRODUCT = YES;
			};
			name = Release;
		};
		098CD813268B5A6F0048820C /* Debug */ = {
			isa = XCBuildConfiguration;
			buildSettings = {
				ASSETCATALOG_COMPILER_APPICON_NAME = AppIcon;
				ASSETCATALOG_COMPILER_GLOBAL_ACCENT_COLOR_NAME = AccentColor;
				CODE_SIGN_STYLE = Automatic;
				DEVELOPMENT_TEAM = K4PQ4VF8XP;
				INFOPLIST_FILE = "tets 2/Info.plist";
				LD_RUNPATH_SEARCH_PATHS = (
					"$(inherited)",
					"@executable_path/Frameworks",
				);
				PRODUCT_BUNDLE_IDENTIFIER = "com.my.project.tets-2";
				PRODUCT_NAME = "$(TARGET_NAME)";
				SWIFT_VERSION = 5.0;
				TARGETED_DEVICE_FAMILY = "1,2";
			};
			name = Debug;
		};
		098CD814268B5A6F0048820C /* Release */ = {
			isa = XCBuildConfiguration;
			buildSettings = {
				ASSETCATALOG_COMPILER_APPICON_NAME = AppIcon;
				ASSETCATALOG_COMPILER_GLOBAL_ACCENT_COLOR_NAME = AccentColor;
				CODE_SIGN_STYLE = Automatic;
				DEVELOPMENT_TEAM = K4PQ4VF8XP;
				INFOPLIST_FILE = "tets 2/Info.plist";
				LD_RUNPATH_SEARCH_PATHS = (
					"$(inherited)",
					"@executable_path/Frameworks",
				);
				PRODUCT_BUNDLE_IDENTIFIER = "com.my.project.tets-2";
				PRODUCT_NAME = "$(TARGET_NAME)";
				SWIFT_VERSION = 5.0;
				TARGETED_DEVICE_FAMILY = "1,2";
			};
			name = Release;
		};
/* End XCBuildConfiguration section */

/* Begin XCConfigurationList section */
		098CD7F6268B5A6E0048820C /* Build configuration list for PBXProject "tets 2" */ = {
			isa = XCConfigurationList;
			buildConfigurations = (
				098CD810268B5A6F0048820C /* Debug */,
				098CD811268B5A6F0048820C /* Release */,
			);
			defaultConfigurationIsVisible = 0;
			defaultConfigurationName = Release;
		};
		098CD812268B5A6F0048820C /* Build configuration list for PBXNativeTarget "tets 2" */ = {
			isa = XCConfigurationList;
			buildConfigurations = (
				098CD813268B5A6F0048820C /* Debug */,
				098CD814268B5A6F0048820C /* Release */,
			);
			defaultConfigurationIsVisible = 0;
			defaultConfigurationName = Release;
		};
/* End XCConfigurationList section */

/* Begin XCVersionGroup section */
		098CD807268B5A6E0048820C /* tets_2.xcdatamodeld */ = {
			isa = XCVersionGroup;
			children = (
				098CD808268B5A6E0048820C /* tets_2.xcdatamodel */,
			);
			currentVersion = 098CD808268B5A6E0048820C /* tets_2.xcdatamodel */;
			path = tets_2.xcdatamodeld;
			sourceTree = "<group>";
			versionGroupType = wrapper.xcdatamodel;
		};
/* End XCVersionGroup section */
	};
	rootObject = 098CD7F3268B5A6E0048820C /* Project object */;
}
